
Microsoft Visual Studio Solution File, Format Version 12.00
# Visual Studio Version 17
VisualStudioVersion = 17.4.33110.190
MinimumVisualStudioVersion = 10.0.40219.1
Project("{FAE04EC0-301F-11D3-BF4B-00C04F79EFBC}") = "ConsoleApp1", "ConsoleApp1\ConsoleApp1.csproj", "{64B9B693-C40D-4F39-A7CB-766C105A0C05}"
EndProject
Global
	GlobalSection(SolutionConfigurationPlatforms) = preSolution
		Debug|Any CPU = Debug|Any CPU
		Release|Any CPU = Release|Any CPU
	EndGlobalSection
	GlobalSection(ProjectConfigurationPlatforms) = postSolution
		{64B9B693-C40D-4F39-A7CB-766C105A0C05}.Debug|Any CPU.ActiveCfg = Debug|Any CPU
		{64B9B693-C40D-4F39-A7CB-766C105A0C05}.Debug|Any CPU.Build.0 = Debug|Any CPU
		{64B9B693-C40D-4F39-A7CB-766C105A0C05}.Release|Any CPU.ActiveCfg = Release|Any CPU
		{64B9B693-C40D-4F39-A7CB-766C105A0C05}.Release|Any CPU.Build.0 = Release|Any CPU
	EndGlobalSection
	GlobalSection(SolutionProperties) = preSolution
		HideSolutionNode = FALSE
	EndGlobalSection
	GlobalSection(ExtensibilityGlobals) = postSolution
		SolutionGuid = {74835F9A-1593-41CC-917B-516F7CED1BF9}
	EndGlobalSection
EndGlobal
